
Microsoft Visual Studio Solution File, Format Version 12.00
# Visual Studio 15
Project("{FAE04EC0-301F-11D3-BF4B-00C04F79EFBC}") = "Assembly-CSharp", "Assembly-CSharp.csproj", "{18BE70F6-BAE9-49BB-20C1-76033EDB4E8D}"
EndProject
Project("{FAE04EC0-301F-11D3-BF4B-00C04F79EFBC}") = "SimpleFileBrowser.Runtime", "SimpleFileBrowser.Runtime.csproj", "{CC361FEB-C7DA-05C7-04BA-32B2B2013D31}"
EndProject
Project("{FAE04EC0-301F-11D3-BF4B-00C04F79EFBC}") = "Assembly-CSharp-Editor", "Assembly-CSharp-Editor.csproj", "{18771CD6-2A6B-DC4F-6329-E128CAE33C8F}"
EndProject
Project("{FAE04EC0-301F-11D3-BF4B-00C04F79EFBC}") = "Beardy.BeardsGridLayoutGroup.Runtime", "Beardy.BeardsGridLayoutGroup.Runtime.csproj", "{389F3DB4-0B7A-DFCD-6DED-58DB9D7FFCCC}"
EndProject
Global
	GlobalSection(SolutionConfigurationPlatforms) = preSolution
		Debug|Any CPU = Debug|Any CPU
		Release|Any CPU = Release|Any CPU
	EndGlobalSection
	GlobalSection(ProjectConfigurationPlatforms) = postSolution
		{18BE70F6-BAE9-49BB-20C1-76033EDB4E8D}.Debug|Any CPU.ActiveCfg = Debug|Any CPU
		{18BE70F6-BAE9-49BB-20C1-76033EDB4E8D}.Debug|Any CPU.Build.0 = Debug|Any CPU
		{18BE70F6-BAE9-49BB-20C1-76033EDB4E8D}.Release|Any CPU.ActiveCfg = Release|Any CPU
		{18BE70F6-BAE9-49BB-20C1-76033EDB4E8D}.Release|Any CPU.Build.0 = Release|Any CPU
		{CC361FEB-C7DA-05C7-04BA-32B2B2013D31}.Debug|Any CPU.ActiveCfg = Debug|Any CPU
		{CC361FEB-C7DA-05C7-04BA-32B2B2013D31}.Debug|Any CPU.Build.0 = Debug|Any CPU
		{CC361FEB-C7DA-05C7-04BA-32B2B2013D31}.Release|Any CPU.ActiveCfg = Release|Any CPU
		{CC361FEB-C7DA-05C7-04BA-32B2B2013D31}.Release|Any CPU.Build.0 = Release|Any CPU
		{18771CD6-2A6B-DC4F-6329-E128CAE33C8F}.Debug|Any CPU.ActiveCfg = Debug|Any CPU
		{18771CD6-2A6B-DC4F-6329-E128CAE33C8F}.Debug|Any CPU.Build.0 = Debug|Any CPU
		{18771CD6-2A6B-DC4F-6329-E128CAE33C8F}.Release|Any CPU.ActiveCfg = Release|Any CPU
		{18771CD6-2A6B-DC4F-6329-E128CAE33C8F}.Release|Any CPU.Build.0 = Release|Any CPU
		{389F3DB4-0B7A-DFCD-6DED-58DB9D7FFCCC}.Debug|Any CPU.ActiveCfg = Debug|Any CPU
		{389F3DB4-0B7A-DFCD-6DED-58DB9D7FFCCC}.Debug|Any CPU.Build.0 = Debug|Any CPU
		{389F3DB4-0B7A-DFCD-6DED-58DB9D7FFCCC}.Release|Any CPU.ActiveCfg = Release|Any CPU
		{389F3DB4-0B7A-DFCD-6DED-58DB9D7FFCCC}.Release|Any CPU.Build.0 = Release|Any CPU
	EndGlobalSection
	GlobalSection(SolutionProperties) = preSolution
		HideSolutionNode = FALSE
	EndGlobalSection
EndGlobal
