
Microsoft Visual Studio Solution File, Format Version 12.00
# Visual Studio 15
Project("{FAE04EC0-301F-11D3-BF4B-00C04F79EFBC}") = "Assembly-CSharp", "Assembly-CSharp.csproj", "{DF9BF549-0864-AB38-47BD-DD234B88B7FD}"
EndProject
Project("{FAE04EC0-301F-11D3-BF4B-00C04F79EFBC}") = "Assembly-CSharp-Editor", "Assembly-CSharp-Editor.csproj", "{D6BCA37A-0202-B593-04B2-51E82500CCF5}"
EndProject
Project("{FAE04EC0-301F-11D3-BF4B-00C04F79EFBC}") = "Beardy.BeardsGridLayoutGroup.Runtime", "Beardy.BeardsGridLayoutGroup.Runtime.csproj", "{E9AAED70-DC87-F02D-476F-80F4C7029BEF}"
EndProject
Global
	GlobalSection(SolutionConfigurationPlatforms) = preSolution
		Debug|Any CPU = Debug|Any CPU
		Release|Any CPU = Release|Any CPU
	EndGlobalSection
	GlobalSection(ProjectConfigurationPlatforms) = postSolution
		{DF9BF549-0864-AB38-47BD-DD234B88B7FD}.Debug|Any CPU.ActiveCfg = Debug|Any CPU
		{DF9BF549-0864-AB38-47BD-DD234B88B7FD}.Debug|Any CPU.Build.0 = Debug|Any CPU
		{DF9BF549-0864-AB38-47BD-DD234B88B7FD}.Release|Any CPU.ActiveCfg = Release|Any CPU
		{DF9BF549-0864-AB38-47BD-DD234B88B7FD}.Release|Any CPU.Build.0 = Release|Any CPU
		{D6BCA37A-0202-B593-04B2-51E82500CCF5}.Debug|Any CPU.ActiveCfg = Debug|Any CPU
		{D6BCA37A-0202-B593-04B2-51E82500CCF5}.Debug|Any CPU.Build.0 = Debug|Any CPU
		{D6BCA37A-0202-B593-04B2-51E82500CCF5}.Release|Any CPU.ActiveCfg = Release|Any CPU
		{D6BCA37A-0202-B593-04B2-51E82500CCF5}.Release|Any CPU.Build.0 = Release|Any CPU
		{E9AAED70-DC87-F02D-476F-80F4C7029BEF}.Debug|Any CPU.ActiveCfg = Debug|Any CPU
		{E9AAED70-DC87-F02D-476F-80F4C7029BEF}.Debug|Any CPU.Build.0 = Debug|Any CPU
		{E9AAED70-DC87-F02D-476F-80F4C7029BEF}.Release|Any CPU.ActiveCfg = Release|Any CPU
		{E9AAED70-DC87-F02D-476F-80F4C7029BEF}.Release|Any CPU.Build.0 = Release|Any CPU
	EndGlobalSection
	GlobalSection(SolutionProperties) = preSolution
		HideSolutionNode = FALSE
	EndGlobalSection
EndGlobal
